
Microsoft Visual Studio Solution File, Format Version 12.00
# Visual Studio Version 17
VisualStudioVersion = 17.4.33213.308
MinimumVisualStudioVersion = 10.0.40219.1
Project("{FAE04EC0-301F-11D3-BF4B-00C04F79EFBC}") = "LeaveManagment.Web", "LeaveManagment.Web.csproj", "{E318898B-5203-4706-BA26-3BDEA0902D25}"
EndProject
Global
	GlobalSection(SolutionConfigurationPlatforms) = preSolution
		Debug|Any CPU = Debug|Any CPU
		Release|Any CPU = Release|Any CPU
	EndGlobalSection
	GlobalSection(ProjectConfigurationPlatforms) = postSolution
		{E318898B-5203-4706-BA26-3BDEA0902D25}.Debug|Any CPU.ActiveCfg = Debug|Any CPU
		{E318898B-5203-4706-BA26-3BDEA0902D25}.Debug|Any CPU.Build.0 = Debug|Any CPU
		{E318898B-5203-4706-BA26-3BDEA0902D25}.Release|Any CPU.ActiveCfg = Release|Any CPU
		{E318898B-5203-4706-BA26-3BDEA0902D25}.Release|Any CPU.Build.0 = Release|Any CPU
	EndGlobalSection
	GlobalSection(SolutionProperties) = preSolution
		HideSolutionNode = FALSE
	EndGlobalSection
	GlobalSection(ExtensibilityGlobals) = postSolution
		SolutionGuid = {D4D01E76-37BD-4224-9D2F-63B059930946}
	EndGlobalSection
EndGlobal
